
Microsoft Visual Studio Solution File, Format Version 12.00
# Visual Studio 15
VisualStudioVersion = 15.0.28010.2046
MinimumVisualStudioVersion = 10.0.40219.1
Project("{FAE04EC0-301F-11D3-BF4B-00C04F79EFBC}") = "basicForm", "basicForm\basicForm.csproj", "{C5EE37D2-AE64-4E17-AA97-1869DD27D386}"
EndProject
Global
	GlobalSection(SolutionConfigurationPlatforms) = preSolution
		Debug|Any CPU = Debug|Any CPU
		Release|Any CPU = Release|Any CPU
	EndGlobalSection
	GlobalSection(ProjectConfigurationPlatforms) = postSolution
		{C5EE37D2-AE64-4E17-AA97-1869DD27D386}.Debug|Any CPU.ActiveCfg = Debug|Any CPU
		{C5EE37D2-AE64-4E17-AA97-1869DD27D386}.Debug|Any CPU.Build.0 = Debug|Any CPU
		{C5EE37D2-AE64-4E17-AA97-1869DD27D386}.Release|Any CPU.ActiveCfg = Release|Any CPU
		{C5EE37D2-AE64-4E17-AA97-1869DD27D386}.Release|Any CPU.Build.0 = Release|Any CPU
	EndGlobalSection
	GlobalSection(SolutionProperties) = preSolution
		HideSolutionNode = FALSE
	EndGlobalSection
	GlobalSection(ExtensibilityGlobals) = postSolution
		SolutionGuid = {5227F6AC-FF32-4DEE-BF88-EDB2A149D6B7}
	EndGlobalSection
EndGlobal
