
Microsoft Visual Studio Solution File, Format Version 12.00
# Visual Studio 15
VisualStudioVersion = 15.0.27428.2015
MinimumVisualStudioVersion = 10.0.40219.1
Project("{FAE04EC0-301F-11D3-BF4B-00C04F79EFBC}") = "Class_2nd_Batch", "Class_2nd_Batch\Class_2nd_Batch.csproj", "{DA8E014C-310C-45F3-9894-7C41F881E5A1}"
EndProject
Global
	GlobalSection(SolutionConfigurationPlatforms) = preSolution
		Debug|Any CPU = Debug|Any CPU
		Release|Any CPU = Release|Any CPU
	EndGlobalSection
	GlobalSection(ProjectConfigurationPlatforms) = postSolution
		{DA8E014C-310C-45F3-9894-7C41F881E5A1}.Debug|Any CPU.ActiveCfg = Debug|Any CPU
		{DA8E014C-310C-45F3-9894-7C41F881E5A1}.Debug|Any CPU.Build.0 = Debug|Any CPU
		{DA8E014C-310C-45F3-9894-7C41F881E5A1}.Release|Any CPU.ActiveCfg = Release|Any CPU
		{DA8E014C-310C-45F3-9894-7C41F881E5A1}.Release|Any CPU.Build.0 = Release|Any CPU
	EndGlobalSection
	GlobalSection(SolutionProperties) = preSolution
		HideSolutionNode = FALSE
	EndGlobalSection
	GlobalSection(ExtensibilityGlobals) = postSolution
		SolutionGuid = {AE07ED89-1A99-4E24-B77A-7312A6C1C3D8}
	EndGlobalSection
EndGlobal
