
Microsoft Visual Studio Solution File, Format Version 12.00
# Visual Studio 15
VisualStudioVersion = 15.0.28010.2046
MinimumVisualStudioVersion = 10.0.40219.1
Project("{FAE04EC0-301F-11D3-BF4B-00C04F79EFBC}") = "exception handalling", "exception handalling\exception handalling.csproj", "{C6D5241F-F67E-4924-A95A-06E2884EF69D}"
EndProject
Global
	GlobalSection(SolutionConfigurationPlatforms) = preSolution
		Debug|Any CPU = Debug|Any CPU
		Release|Any CPU = Release|Any CPU
	EndGlobalSection
	GlobalSection(ProjectConfigurationPlatforms) = postSolution
		{C6D5241F-F67E-4924-A95A-06E2884EF69D}.Debug|Any CPU.ActiveCfg = Debug|Any CPU
		{C6D5241F-F67E-4924-A95A-06E2884EF69D}.Debug|Any CPU.Build.0 = Debug|Any CPU
		{C6D5241F-F67E-4924-A95A-06E2884EF69D}.Release|Any CPU.ActiveCfg = Release|Any CPU
		{C6D5241F-F67E-4924-A95A-06E2884EF69D}.Release|Any CPU.Build.0 = Release|Any CPU
	EndGlobalSection
	GlobalSection(SolutionProperties) = preSolution
		HideSolutionNode = FALSE
	EndGlobalSection
	GlobalSection(ExtensibilityGlobals) = postSolution
		SolutionGuid = {593C00C7-6038-41DA-9429-10E328F93902}
	EndGlobalSection
EndGlobal
