
Microsoft Visual Studio Solution File, Format Version 12.00
# Visual Studio 15
VisualStudioVersion = 15.0.27428.2015
MinimumVisualStudioVersion = 10.0.40219.1
Project("{FAE04EC0-301F-11D3-BF4B-00C04F79EFBC}") = "method_2nd_batch", "method_2nd_batch\method_2nd_batch.csproj", "{FEB4EA8C-EC38-46F4-BB60-20409BA0761B}"
EndProject
Global
	GlobalSection(SolutionConfigurationPlatforms) = preSolution
		Debug|Any CPU = Debug|Any CPU
		Release|Any CPU = Release|Any CPU
	EndGlobalSection
	GlobalSection(ProjectConfigurationPlatforms) = postSolution
		{FEB4EA8C-EC38-46F4-BB60-20409BA0761B}.Debug|Any CPU.ActiveCfg = Debug|Any CPU
		{FEB4EA8C-EC38-46F4-BB60-20409BA0761B}.Debug|Any CPU.Build.0 = Debug|Any CPU
		{FEB4EA8C-EC38-46F4-BB60-20409BA0761B}.Release|Any CPU.ActiveCfg = Release|Any CPU
		{FEB4EA8C-EC38-46F4-BB60-20409BA0761B}.Release|Any CPU.Build.0 = Release|Any CPU
	EndGlobalSection
	GlobalSection(SolutionProperties) = preSolution
		HideSolutionNode = FALSE
	EndGlobalSection
	GlobalSection(ExtensibilityGlobals) = postSolution
		SolutionGuid = {004BF7E7-5DD8-47FC-9DE3-F82B83A754C0}
	EndGlobalSection
EndGlobal
